
Microsoft Visual Studio Solution File, Format Version 12.00
# Visual Studio Version 17
VisualStudioVersion = 17.11.35222.181
MinimumVisualStudioVersion = 10.0.40219.1
Project("{FAE04EC0-301F-11D3-BF4B-00C04F79EFBC}") = "ProjetoQuestoesCSharp", "ProjetoQuestoesCSharp\ProjetoQuestoesCSharp.csproj", "{3C152EE7-2EB5-440D-9B13-B23F00D6450F}"
EndProject
Project("{2150E333-8FDC-42A3-9474-1A3956D46DE8}") = "Itens de Solução", "Itens de Solução", "{EBBB75A1-70CF-4591-9491-4E203025EDE3}"
EndProject
Global
	GlobalSection(SolutionConfigurationPlatforms) = preSolution
		Debug|Any CPU = Debug|Any CPU
		Release|Any CPU = Release|Any CPU
	EndGlobalSection
	GlobalSection(ProjectConfigurationPlatforms) = postSolution
		{3C152EE7-2EB5-440D-9B13-B23F00D6450F}.Debug|Any CPU.ActiveCfg = Debug|Any CPU
		{3C152EE7-2EB5-440D-9B13-B23F00D6450F}.Debug|Any CPU.Build.0 = Debug|Any CPU
		{3C152EE7-2EB5-440D-9B13-B23F00D6450F}.Release|Any CPU.ActiveCfg = Release|Any CPU
		{3C152EE7-2EB5-440D-9B13-B23F00D6450F}.Release|Any CPU.Build.0 = Release|Any CPU
	EndGlobalSection
	GlobalSection(SolutionProperties) = preSolution
		HideSolutionNode = FALSE
	EndGlobalSection
	GlobalSection(ExtensibilityGlobals) = postSolution
		SolutionGuid = {5A0189B2-D9F8-4745-BC27-E8EAA4335C75}
	EndGlobalSection
EndGlobal
